<Solution>
  <Folder Name="/src/">
    <Project Path="src/Zafiro.Avalonia.ShowMe.Protocol/Zafiro.Avalonia.ShowMe.Protocol.csproj" />
    <Project Path="src/Zafiro.Avalonia.ShowMe.Host/Zafiro.Avalonia.ShowMe.Host.csproj" />
    <Project Path="src/Zafiro.Avalonia.ShowMe/Zafiro.Avalonia.ShowMe.csproj" />
  </Folder>
  <Folder Name="/test/">
    <Project Path="test/Zafiro.Avalonia.ShowMe.Tests/Zafiro.Avalonia.ShowMe.Tests.csproj" />
  </Folder>
</Solution>
